<?xml version="1.0" encoding="utf-8"?>
<Project ToolsVersion="4.0" xmlns="http://schemas.microsoft.com/developer/msbuild/2003">
  <ItemGroup>
    <Filter Include="资源文件">
      <UniqueIdentifier>{67DA6AB6-F800-4c08-8B7A-83BB121AAD01}</UniqueIdentifier>
      <Extensions>rc;ico;cur;bmp;dlg;rc2;rct;bin;rgs;gif;jpg;jpeg;jpe;resx;tiff;tif;png;wav;mfcribbon-ms</Extensions>
    </Filter>
    <Filter Include="src">
      <UniqueIdentifier>{06718b26-dcb9-4283-9b49-d4f34dc83137}</UniqueIdentifier>
    </Filter>
    <Filter Include="src\gui">
      <UniqueIdentifier>{68b4f577-3cdc-4bd4-b968-e7f82c465d33}</UniqueIdentifier>
    </Filter>
    <Filter Include="src\utils">
      <UniqueIdentifier>{31bda6d6-4e37-4023-8f62-018686bf9b9c}</UniqueIdentifier>
    </Filter>
  </ItemGroup>
  <ItemGroup>
    <ClInclude Include="src\bookmarks.h">
      <Filter>src</Filter>
    </ClInclude>
    <ClInclude Include="src\commandlibrary.h">
      <Filter>src</Filter>
    </ClInclude>
    <ClInclude Include="src\constant.h">
      <Filter>src</Filter>
    </ClInclude>
    <ClInclude Include="src\debugtool.h">
      <Filter>src</Filter>
    </ClInclude>
    <ClInclude Include="src\fileactions.h">
      <Filter>src</Filter>
    </ClInclude>
    <ClInclude Include="src\filebrowser.h">
      <Filter>src</Filter>
    </ClInclude>
    <ClInclude Include="src\framework.h">
      <Filter>src</Filter>
    </ClInclude>
    <ClInclude Include="src\FsUtils.h">
      <Filter>src</Filter>
    </ClInclude>
    <ClInclude Include="src\history.h">
      <Filter>src</Filter>
    </ClInclude>
    <ClInclude Include="src\mainwindow.h">
      <Filter>src</Filter>
    </ClInclude>
    <ClInclude Include="src\guihelper.h">
      <Filter>src\gui</Filter>
    </ClInclude>
    <ClInclude Include="src\utils\stringutil.h">
      <Filter>src\utils</Filter>
    </ClInclude>
    <ClInclude Include="src\utils\sysutil.h">
      <Filter>src\utils</Filter>
    </ClInclude>
    <ClInclude Include="src\utils\simpleundo.h">
      <Filter>src\utils</Filter>
    </ClInclude>
    <ClInclude Include="src\utils\ahocorasick.h">
      <Filter>src\utils</Filter>
    </ClInclude>
  </ItemGroup>
  <ItemGroup>
    <ClCompile Include="src\bookmarks.cpp">
      <Filter>src</Filter>
    </ClCompile>
    <ClCompile Include="src\commandlibrary.cpp">
      <Filter>src</Filter>
    </ClCompile>
    <ClCompile Include="src\fileactions.cpp">
      <Filter>src</Filter>
    </ClCompile>
    <ClCompile Include="src\filebrowser.cpp">
      <Filter>src</Filter>
    </ClCompile>
    <ClCompile Include="src\FsUtils.cpp">
      <Filter>src</Filter>
    </ClCompile>
    <ClCompile Include="src\history.cpp">
      <Filter>src</Filter>
    </ClCompile>
    <ClCompile Include="src\main.cpp">
      <Filter>src</Filter>
    </ClCompile>
    <ClCompile Include="src\mainwindow.cpp">
      <Filter>src</Filter>
    </ClCompile>
    <ClCompile Include="src\guihelper.cpp">
      <Filter>src\gui</Filter>
    </ClCompile>
    <ClCompile Include="src\utils\stringutil.cpp">
      <Filter>src\utils</Filter>
    </ClCompile>
    <ClCompile Include="src\utils\sysutil.cpp">
      <Filter>src\utils</Filter>
    </ClCompile>
    <ClCompile Include="src\utils\simpleundo.cpp">
      <Filter>src\utils</Filter>
    </ClCompile>
  </ItemGroup>
  <ItemGroup>
    <Text Include="note.txt" />
  </ItemGroup>
</Project>